lockfileVersion: '9.0'

settings:
  autoInstallPeers: true
  excludeLinksFromLockfile: false

importers:

  .:
    dependencies:
      framer-motion:
        specifier: ^12.34.5
        version: 12.34.5(react@19.2.4)
      lucide-react:
        specifier: ^0.576.0
        version: 0.576.0(react@19.2.4)
      zod:
        specifier: ^4.3.6
        version: 4.3.6

packages:

  framer-motion@12.34.5:
    resolution: {integrity: sha512-Z2dQ+o7BsfpJI3+u0SQUNCrN+ajCKJen1blC4rCHx1Ta2EOHs+xKJegLT2aaD9iSMbU3OoX+WabQXkloUbZmJQ==}
    peerDependencies:
      '@emotion/is-prop-valid': '*'
      react: ^18.0.0 || ^19.0.0
      react-dom: ^18.0.0 || ^19.0.0
    peerDependenciesMeta:
      '@emotion/is-prop-valid':
        optional: true
      react:
        optional: true
      react-dom:
        optional: true

  lucide-react@0.576.0:
    resolution: {integrity: sha512-koNxU14BXrxUfZQ9cUaP0ES1uyPZKYDjk31FQZB6dQ/x+tXk979sVAn9ppZ/pVeJJyOxVM8j1E+8QEuSc02Vug==}
    peerDependencies:
      react: ^16.5.1 || ^17.0.0 || ^18.0.0 || ^19.0.0

  motion-dom@12.34.5:
    resolution: {integrity: sha512-k33CsnxO2K3gBRMUZT+vPmc4Utlb5menKdG0RyVNLtlqRaaJPRWlE9fXl8NTtfZ5z3G8TDvqSu0MENLqSTaHZA==}

  motion-utils@12.29.2:
    resolution: {integrity: sha512-G3kc34H2cX2gI63RqU+cZq+zWRRPSsNIOjpdl9TN4AQwC4sgwYPl/Q/Obf/d53nOm569T0fYK+tcoSV50BWx8A==}

  react@19.2.4:
    resolution: {integrity: sha512-9nfp2hYpCwOjAN+8TZFGhtWEwgvWHXqESH8qT89AT/lWklpLON22Lc8pEtnpsZz7VmawabSU0gCjnj8aC0euHQ==}
    engines: {node: '>=0.10.0'}

  tslib@2.8.1:
    resolution: {integrity: sha512-oJFu94HQb+KVduSUQL7wnpmqnfmLsOA/nAh6b6EH0wCEoK0/mPeXU6c3wKDV83MkOuHPRHtSXKKU99IBazS/2w==}

  zod@4.3.6:
    resolution: {integrity: sha512-rftlrkhHZOcjDwkGlnUtZZkvaPHCsDATp4pGpuOOMDaTdDDXF91wuVDJoWoPsKX/3YPQ5fHuF3STjcYyKr+Qhg==}

snapshots:

  framer-motion@12.34.5(react@19.2.4):
    dependencies:
      motion-dom: 12.34.5
      motion-utils: 12.29.2
      tslib: 2.8.1
    optionalDependencies:
      react: 19.2.4

  lucide-react@0.576.0(react@19.2.4):
    dependencies:
      react: 19.2.4

  motion-dom@12.34.5:
    dependencies:
      motion-utils: 12.29.2

  motion-utils@12.29.2: {}

  react@19.2.4: {}

  tslib@2.8.1: {}

  zod@4.3.6: {}
